
Microsoft Visual Studio Solution File, Format Version 12.00
# Visual Studio Version 17
VisualStudioVersion = 17.4.33205.214
MinimumVisualStudioVersion = 10.0.40219.1
Project("{FAE04EC0-301F-11D3-BF4B-00C04F79EFBC}") = "ServicioPAI", "ServicioPAI\ServicioPAI.csproj", "{9E4737D9-C6A0-4604-AE8E-8A8E984EDAAD}"
EndProject
Global
	GlobalSection(SolutionConfigurationPlatforms) = preSolution
		Debug|Any CPU = Debug|Any CPU
		Release|Any CPU = Release|Any CPU
	EndGlobalSection
	GlobalSection(ProjectConfigurationPlatforms) = postSolution
		{9E4737D9-C6A0-4604-AE8E-8A8E984EDAAD}.Debug|Any CPU.ActiveCfg = Debug|Any CPU
		{9E4737D9-C6A0-4604-AE8E-8A8E984EDAAD}.Debug|Any CPU.Build.0 = Debug|Any CPU
		{9E4737D9-C6A0-4604-AE8E-8A8E984EDAAD}.Release|Any CPU.ActiveCfg = Release|Any CPU
		{9E4737D9-C6A0-4604-AE8E-8A8E984EDAAD}.Release|Any CPU.Build.0 = Release|Any CPU
	EndGlobalSection
	GlobalSection(SolutionProperties) = preSolution
		HideSolutionNode = FALSE
	EndGlobalSection
	GlobalSection(ExtensibilityGlobals) = postSolution
		SolutionGuid = {0E7F4017-ED8A-4240-AA0E-DEC6150BAB66}
	EndGlobalSection
EndGlobal
